// !$*UTF8*$!
{
	archiveVersion = 1;
	classes = {
	};
	objectVersion = 50;
	objects = {

/* Begin PBXBuildFile section */
		FD438EA12799727400C36497 /* TextFieldTableViewCell.swift in Sources */ = {isa = PBXBuildFile; fileRef = FD438EA02799727400C36497 /* TextFieldTableViewCell.swift */; };
		FD438EA4279973B800C36497 /* CustomTextField.swift in Sources */ = {isa = PBXBuildFile; fileRef = FD438EA3279973B800C36497 /* CustomTextField.swift */; };
		FD438EA927998BCB00C36497 /* Task+CoreDataClass.swift in Sources */ = {isa = PBXBuildFile; fileRef = FD438EA727998BCB00C36497 /* Task+CoreDataClass.swift */; };
		FD438EAA27998BCB00C36497 /* Task+CoreDataProperties.swift in Sources */ = {isa = PBXBuildFile; fileRef = FD438EA827998BCB00C36497 /* Task+CoreDataProperties.swift */; };
		FD4F50B2279EDD8800A9B127 /* NewTaskViewModel.swift in Sources */ = {isa = PBXBuildFile; fileRef = FD4F50B1279EDD8800A9B127 /* NewTaskViewModel.swift */; };
		FD61B7D22799665000C63F7A /* AppDelegate.swift in Sources */ = {isa = PBXBuildFile; fileRef = FD61B7D12799665000C63F7A /* AppDelegate.swift */; };
		FD61B7D42799665000C63F7A /* SceneDelegate.swift in Sources */ = {isa = PBXBuildFile; fileRef = FD61B7D32799665000C63F7A /* SceneDelegate.swift */; };
		FD61B7D62799665000C63F7A /* TasksListController.swift in Sources */ = {isa = PBXBuildFile; fileRef = FD61B7D52799665000C63F7A /* TasksListController.swift */; };
		FD61B7DC2799665000C63F7A /* To_do_Demo_App.xcdatamodeld in Sources */ = {isa = PBXBuildFile; fileRef = FD61B7DA2799665000C63F7A /* To_do_Demo_App.xcdatamodeld */; };
		FD61B7DE2799665200C63F7A /* Assets.xcassets in Resources */ = {isa = PBXBuildFile; fileRef = FD61B7DD2799665200C63F7A /* Assets.xcassets */; };
		FD61B7E12799665200C63F7A /* LaunchScreen.storyboard in Resources */ = {isa = PBXBuildFile; fileRef = FD61B7DF2799665200C63F7A /* LaunchScreen.storyboard */; };
		FD61B7F027996CB800C63F7A /* NewTaskController.swift in Sources */ = {isa = PBXBuildFile; fileRef = FD61B7EF27996CB800C63F7A /* NewTaskController.swift */; };
		FD61B7F527996CF300C63F7A /* UIView+Layout.swift in Sources */ = {isa = PBXBuildFile; fileRef = FD61B7F427996CF300C63F7A /* UIView+Layout.swift */; };
		FD9F515B279AD02800CF455E /* PickerTextFieldTableViewCell.swift in Sources */ = {isa = PBXBuildFile; fileRef = FD9F515A279AD02800CF455E /* PickerTextFieldTableViewCell.swift */; };
		FD9F515E279AD14D00CF455E /* DatePickerTextFieldTableViewCell.swift in Sources */ = {isa = PBXBuildFile; fileRef = FD9F515D279AD14D00CF455E /* DatePickerTextFieldTableViewCell.swift */; };
		FD9F5161279AE8FA00CF455E /* TaskTableViewCell.swift in Sources */ = {isa = PBXBuildFile; fileRef = FD9F5160279AE8FA00CF455E /* TaskTableViewCell.swift */; };
		FD9F5165279CBAEE00CF455E /* TaskViewModel.swift in Sources */ = {isa = PBXBuildFile; fileRef = FD9F5164279CBAEE00CF455E /* TaskViewModel.swift */; };
/* End PBXBuildFile section */

/* Begin PBXFileReference section */
		FD438EA02799727400C36497 /* TextFieldTableViewCell.swift */ = {isa = PBXFileReference; lastKnownFileType = sourcecode.swift; path = TextFieldTableViewCell.swift; sourceTree = "<group>"; };
		FD438EA3279973B800C36497 /* CustomTextField.swift */ = {isa = PBXFileReference; lastKnownFileType = sourcecode.swift; path = CustomTextField.swift; sourceTree = "<group>"; };
		FD438EA727998BCB00C36497 /* Task+CoreDataClass.swift */ = {isa = PBXFileReference; lastKnownFileType = sourcecode.swift; path = "Task+CoreDataClass.swift"; sourceTree = "<group>"; };
		FD438EA827998BCB00C36497 /* Task+CoreDataProperties.swift */ = {isa = PBXFileReference; lastKnownFileType = sourcecode.swift; path = "Task+CoreDataProperties.swift"; sourceTree = "<group>"; };
		FD4F50B1279EDD8800A9B127 /* NewTaskViewModel.swift */ = {isa = PBXFileReference; lastKnownFileType = sourcecode.swift; path = NewTaskViewModel.swift; sourceTree = "<group>"; };
		FD61B7CE2799665000C63F7A /* To-do Demo App.app */ = {isa = PBXFileReference; explicitFileType = wrapper.application; includeInIndex = 0; path = "To-do Demo App.app"; sourceTree = BUILT_PRODUCTS_DIR; };
		FD61B7D12799665000C63F7A /* AppDelegate.swift */ = {isa = PBXFileReference; lastKnownFileType = sourcecode.swift; path = AppDelegate.swift; sourceTree = "<group>"; };
		FD61B7D32799665000C63F7A /* SceneDelegate.swift */ = {isa = PBXFileReference; lastKnownFileType = sourcecode.swift; path = SceneDelegate.swift; sourceTree = "<group>"; };
		FD61B7D52799665000C63F7A /* TasksListController.swift */ = {isa = PBXFileReference; lastKnownFileType = sourcecode.swift; path = TasksListController.swift; sourceTree = "<group>"; };
		FD61B7DB2799665000C63F7A /* To_do_Demo_App.xcdatamodel */ = {isa = PBXFileReference; lastKnownFileType = wrapper.xcdatamodel; path = To_do_Demo_App.xcdatamodel; sourceTree = "<group>"; };
		FD61B7DD2799665200C63F7A /* Assets.xcassets */ = {isa = PBXFileReference; lastKnownFileType = folder.assetcatalog; path = Assets.xcassets; sourceTree = "<group>"; };
		FD61B7E02799665200C63F7A /* Base */ = {isa = PBXFileReference; lastKnownFileType = file.storyboard; name = Base; path = Base.lproj/LaunchScreen.storyboard; sourceTree = "<group>"; };
		FD61B7E22799665200C63F7A /* Info.plist */ = {isa = PBXFileReference; lastKnownFileType = text.plist.xml; path = Info.plist; sourceTree = "<group>"; };
		FD61B7EF27996CB800C63F7A /* NewTaskController.swift */ = {isa = PBXFileReference; lastKnownFileType = sourcecode.swift; path = NewTaskController.swift; sourceTree = "<group>"; };
		FD61B7F427996CF300C63F7A /* UIView+Layout.swift */ = {isa = PBXFileReference; lastKnownFileType = sourcecode.swift; path = "UIView+Layout.swift"; sourceTree = "<group>"; };
		FD9F515A279AD02800CF455E /* PickerTextFieldTableViewCell.swift */ = {isa = PBXFileReference; lastKnownFileType = sourcecode.swift; path = PickerTextFieldTableViewCell.swift; sourceTree = "<group>"; };
		FD9F515D279AD14D00CF455E /* DatePickerTextFieldTableViewCell.swift */ = {isa = PBXFileReference; lastKnownFileType = sourcecode.swift; path = DatePickerTextFieldTableViewCell.swift; sourceTree = "<group>"; };
		FD9F5160279AE8FA00CF455E /* TaskTableViewCell.swift */ = {isa = PBXFileReference; lastKnownFileType = sourcecode.swift; path = TaskTableViewCell.swift; sourceTree = "<group>"; };
		FD9F5164279CBAEE00CF455E /* TaskViewModel.swift */ = {isa = PBXFileReference; lastKnownFileType = sourcecode.swift; path = TaskViewModel.swift; sourceTree = "<group>"; };
/* End PBXFileReference section */

/* Begin PBXFrameworksBuildPhase section */
		FD61B7CB2799665000C63F7A /* Frameworks */ = {
			isa = PBXFrameworksBuildPhase;
			buildActionMask = 2147483647;
			files = (
			);
			runOnlyForDeploymentPostprocessing = 0;
		};
/* End PBXFrameworksBuildPhase section */

/* Begin PBXGroup section */
		FD61B7C52799664F00C63F7A = {
			isa = PBXGroup;
			children = (
				FD61B7D02799665000C63F7A /* To-do Demo App */,
				FD61B7CF2799665000C63F7A /* Products */,
			);
			sourceTree = "<group>";
		};
		FD61B7CF2799665000C63F7A /* Products */ = {
			isa = PBXGroup;
			children = (
				FD61B7CE2799665000C63F7A /* To-do Demo App.app */,
			);
			name = Products;
			sourceTree = "<group>";
		};
		FD61B7D02799665000C63F7A /* To-do Demo App */ = {
			isa = PBXGroup;
			children = (
				FD61B7D12799665000C63F7A /* AppDelegate.swift */,
				FD61B7D32799665000C63F7A /* SceneDelegate.swift */,
				FD61B7EC27996C9400C63F7A /* Model */,
				FD9F5163279CBADA00CF455E /* View Model */,
				FD61B7ED27996C9B00C63F7A /* View */,
				FD61B7EE27996CA100C63F7A /* Controller */,
				FD61B7F327996CE100C63F7A /* Helpers */,
				FD61B7DD2799665200C63F7A /* Assets.xcassets */,
				FD61B7DF2799665200C63F7A /* LaunchScreen.storyboard */,
				FD61B7E22799665200C63F7A /* Info.plist */,
				FD61B7DA2799665000C63F7A /* To_do_Demo_App.xcdatamodeld */,
			);
			path = "To-do Demo App";
			sourceTree = "<group>";
		};
		FD61B7EC27996C9400C63F7A /* Model */ = {
			isa = PBXGroup;
			children = (
				FD438EA727998BCB00C36497 /* Task+CoreDataClass.swift */,
				FD438EA827998BCB00C36497 /* Task+CoreDataProperties.swift */,
			);
			path = Model;
			sourceTree = "<group>";
		};
		FD61B7ED27996C9B00C63F7A /* View */ = {
			isa = PBXGroup;
			children = (
				FD438EA02799727400C36497 /* TextFieldTableViewCell.swift */,
				FD438EA3279973B800C36497 /* CustomTextField.swift */,
				FD9F515A279AD02800CF455E /* PickerTextFieldTableViewCell.swift */,
				FD9F515D279AD14D00CF455E /* DatePickerTextFieldTableViewCell.swift */,
				FD9F5160279AE8FA00CF455E /* TaskTableViewCell.swift */,
			);
			path = View;
			sourceTree = "<group>";
		};
		FD61B7EE27996CA100C63F7A /* Controller */ = {
			isa = PBXGroup;
			children = (
				FD61B7D52799665000C63F7A /* TasksListController.swift */,
				FD61B7EF27996CB800C63F7A /* NewTaskController.swift */,
			);
			path = Controller;
			sourceTree = "<group>";
		};
		FD61B7F327996CE100C63F7A /* Helpers */ = {
			isa = PBXGroup;
			children = (
				FD61B7F427996CF300C63F7A /* UIView+Layout.swift */,
			);
			path = Helpers;
			sourceTree = "<group>";
		};
		FD9F5163279CBADA00CF455E /* View Model */ = {
			isa = PBXGroup;
			children = (
				FD9F5164279CBAEE00CF455E /* TaskViewModel.swift */,
				FD4F50B1279EDD8800A9B127 /* NewTaskViewModel.swift */,
			);
			path = "View Model";
			sourceTree = "<group>";
		};
/* End PBXGroup section */

/* Begin PBXNativeTarget section */
		FD61B7CD2799665000C63F7A /* To-do Demo App */ = {
			isa = PBXNativeTarget;
			buildConfigurationList = FD61B7E52799665200C63F7A /* Build configuration list for PBXNativeTarget "To-do Demo App" */;
			buildPhases = (
				FD61B7CA2799665000C63F7A /* Sources */,
				FD61B7CB2799665000C63F7A /* Frameworks */,
				FD61B7CC2799665000C63F7A /* Resources */,
			);
			buildRules = (
			);
			dependencies = (
			);
			name = "To-do Demo App";
			productName = "To-do Demo App";
			productReference = FD61B7CE2799665000C63F7A /* To-do Demo App.app */;
			productType = "com.apple.product-type.application";
		};
/* End PBXNativeTarget section */

/* Begin PBXProject section */
		FD61B7C62799664F00C63F7A /* Project object */ = {
			isa = PBXProject;
			attributes = {
				LastSwiftUpdateCheck = 1240;
				LastUpgradeCheck = 1240;
				TargetAttributes = {
					FD61B7CD2799665000C63F7A = {
						CreatedOnToolsVersion = 12.4;
					};
				};
			};
			buildConfigurationList = FD61B7C92799664F00C63F7A /* Build configuration list for PBXProject "To-do Demo App" */;
			compatibilityVersion = "Xcode 9.3";
			developmentRegion = en;
			hasScannedForEncodings = 0;
			knownRegions = (
				en,
				Base,
			);
			mainGroup = FD61B7C52799664F00C63F7A;
			productRefGroup = FD61B7CF2799665000C63F7A /* Products */;
			projectDirPath = "";
			projectRoot = "";
			targets = (
				FD61B7CD2799665000C63F7A /* To-do Demo App */,
			);
		};
/* End PBXProject section */

/* Begin PBXResourcesBuildPhase section */
		FD61B7CC2799665000C63F7A /* Resources */ = {
			isa = PBXResourcesBuildPhase;
			buildActionMask = 2147483647;
			files = (
				FD61B7E12799665200C63F7A /* LaunchScreen.storyboard in Resources */,
				FD61B7DE2799665200C63F7A /* Assets.xcassets in Resources */,
			);
			runOnlyForDeploymentPostprocessing = 0;
		};
/* End PBXResourcesBuildPhase section */

/* Begin PBXSourcesBuildPhase section */
		FD61B7CA2799665000C63F7A /* Sources */ = {
			isa = PBXSourcesBuildPhase;
			buildActionMask = 2147483647;
			files = (
				FD9F515B279AD02800CF455E /* PickerTextFieldTableViewCell.swift in Sources */,
				FD9F5165279CBAEE00CF455E /* TaskViewModel.swift in Sources */,
				FD9F5161279AE8FA00CF455E /* TaskTableViewCell.swift in Sources */,
				FD61B7DC2799665000C63F7A /* To_do_Demo_App.xcdatamodeld in Sources */,
				FD438EA927998BCB00C36497 /* Task+CoreDataClass.swift in Sources */,
				FD4F50B2279EDD8800A9B127 /* NewTaskViewModel.swift in Sources */,
				FD61B7D62799665000C63F7A /* TasksListController.swift in Sources */,
				FD438EA12799727400C36497 /* TextFieldTableViewCell.swift in Sources */,
				FD9F515E279AD14D00CF455E /* DatePickerTextFieldTableViewCell.swift in Sources */,
				FD61B7F527996CF300C63F7A /* UIView+Layout.swift in Sources */,
				FD438EA4279973B800C36497 /* CustomTextField.swift in Sources */,
				FD61B7D22799665000C63F7A /* AppDelegate.swift in Sources */,
				FD61B7F027996CB800C63F7A /* NewTaskController.swift in Sources */,
				FD438EAA27998BCB00C36497 /* Task+CoreDataProperties.swift in Sources */,
				FD61B7D42799665000C63F7A /* SceneDelegate.swift in Sources */,
			);
			runOnlyForDeploymentPostprocessing = 0;
		};
/* End PBXSourcesBuildPhase section */

/* Begin PBXVariantGroup section */
		FD61B7DF2799665200C63F7A /* LaunchScreen.storyboard */ = {
			isa = PBXVariantGroup;
			children = (
				FD61B7E02799665200C63F7A /* Base */,
			);
			name = LaunchScreen.storyboard;
			sourceTree = "<group>";
		};
/* End PBXVariantGroup section */

/* Begin XCBuildConfiguration section */
		FD61B7E32799665200C63F7A /* Debug */ = {
			isa = XCBuildConfiguration;
			buildSettings = {
				ALWAYS_SEARCH_USER_PATHS = NO;
				CLANG_ANALYZER_NONNULL = YES;
				CLANG_ANALYZER_NUMBER_OBJECT_CONVERSION = YES_AGGRESSIVE;
				CLANG_CXX_LANGUAGE_STANDARD = "gnu++14";
				CLANG_CXX_LIBRARY = "libc++";
				CLANG_ENABLE_MODULES = YES;
				CLANG_ENABLE_OBJC_ARC = YES;
				CLANG_ENABLE_OBJC_WEAK = YES;
				CLANG_WARN_BLOCK_CAPTURE_AUTORELEASING = YES;
				CLANG_WARN_BOOL_CONVERSION = YES;
				CLANG_WARN_COMMA = YES;
				CLANG_WARN_CONSTANT_CONVERSION = YES;
				CLANG_WARN_DEPRECATED_OBJC_IMPLEMENTATIONS = YES;
				CLANG_WARN_DIRECT_OBJC_ISA_USAGE = YES_ERROR;
				CLANG_WARN_DOCUMENTATION_COMMENTS = YES;
				CLANG_WARN_EMPTY_BODY = YES;
				CLANG_WARN_ENUM_CONVERSION = YES;
				CLANG_WARN_INFINITE_RECURSION = YES;
				CLANG_WARN_INT_CONVERSION = YES;
				CLANG_WARN_NON_LITERAL_NULL_CONVERSION = YES;
				CLANG_WARN_OBJC_IMPLICIT_RETAIN_SELF = YES;
				CLANG_WARN_OBJC_LITERAL_CONVERSION = YES;
				CLANG_WARN_OBJC_ROOT_CLASS = YES_ERROR;
				CLANG_WARN_QUOTED_INCLUDE_IN_FRAMEWORK_HEADER = YES;
				CLANG_WARN_RANGE_LOOP_ANALYSIS = YES;
				CLANG_WARN_STRICT_PROTOTYPES = YES;
				CLANG_WARN_SUSPICIOUS_MOVE = YES;
				CLANG_WARN_UNGUARDED_AVAILABILITY = YES_AGGRESSIVE;
				CLANG_WARN_UNREACHABLE_CODE = YES;
				CLANG_WARN__DUPLICATE_METHOD_MATCH = YES;
				COPY_PHASE_STRIP = NO;
				DEBUG_INFORMATION_FORMAT = dwarf;
				ENABLE_STRICT_OBJC_MSGSEND = YES;
				ENABLE_TESTABILITY = YES;
				GCC_C_LANGUAGE_STANDARD = gnu11;
				GCC_DYNAMIC_NO_PIC = NO;
				GCC_NO_COMMON_BLOCKS = YES;
				GCC_OPTIMIZATION_LEVEL = 0;
				GCC_PREPROCESSOR_DEFINITIONS = (
					"DEBUG=1",
					"$(inherited)",
				);
				GCC_WARN_64_TO_32_BIT_CONVERSION = YES;
				GCC_WARN_ABOUT_RETURN_TYPE = YES_ERROR;
				GCC_WARN_UNDECLARED_SELECTOR = YES;
				GCC_WARN_UNINITIALIZED_AUTOS = YES_AGGRESSIVE;
				GCC_WARN_UNUSED_FUNCTION = YES;
				GCC_WARN_UNUSED_VARIABLE = YES;
				IPHONEOS_DEPLOYMENT_TARGET = 14.4;
				MTL_ENABLE_DEBUG_INFO = INCLUDE_SOURCE;
				MTL_FAST_MATH = YES;
				ONLY_ACTIVE_ARCH = YES;
				SDKROOT = iphoneos;
				SWIFT_ACTIVE_COMPILATION_CONDITIONS = DEBUG;
				SWIFT_OPTIMIZATION_LEVEL = "-Onone";
			};
			name = Debug;
		};
		FD61B7E42799665200C63F7A /* Release */ = {
			isa = XCBuildConfiguration;
			buildSettings = {
				ALWAYS_SEARCH_USER_PATHS = NO;
				CLANG_ANALYZER_NONNULL = YES;
				CLANG_ANALYZER_NUMBER_OBJECT_CONVERSION = YES_AGGRESSIVE;
				CLANG_CXX_LANGUAGE_STANDARD = "gnu++14";
				CLANG_CXX_LIBRARY = "libc++";
				CLANG_ENABLE_MODULES = YES;
				CLANG_ENABLE_OBJC_ARC = YES;
				CLANG_ENABLE_OBJC_WEAK = YES;
				CLANG_WARN_BLOCK_CAPTURE_AUTORELEASING = YES;
				CLANG_WARN_BOOL_CONVERSION = YES;
				CLANG_WARN_COMMA = YES;
				CLANG_WARN_CONSTANT_CONVERSION = YES;
				CLANG_WARN_DEPRECATED_OBJC_IMPLEMENTATIONS = YES;
				CLANG_WARN_DIRECT_OBJC_ISA_USAGE = YES_ERROR;
				CLANG_WARN_DOCUMENTATION_COMMENTS = YES;
				CLANG_WARN_EMPTY_BODY = YES;
				CLANG_WARN_ENUM_CONVERSION = YES;
				CLANG_WARN_INFINITE_RECURSION = YES;
				CLANG_WARN_INT_CONVERSION = YES;
				CLANG_WARN_NON_LITERAL_NULL_CONVERSION = YES;
				CLANG_WARN_OBJC_IMPLICIT_RETAIN_SELF = YES;
				CLANG_WARN_OBJC_LITERAL_CONVERSION = YES;
				CLANG_WARN_OBJC_ROOT_CLASS = YES_ERROR;
				CLANG_WARN_QUOTED_INCLUDE_IN_FRAMEWORK_HEADER = YES;
				CLANG_WARN_RANGE_LOOP_ANALYSIS = YES;
				CLANG_WARN_STRICT_PROTOTYPES = YES;
				CLANG_WARN_SUSPICIOUS_MOVE = YES;
				CLANG_WARN_UNGUARDED_AVAILABILITY = YES_AGGRESSIVE;
				CLANG_WARN_UNREACHABLE_CODE = YES;
				CLANG_WARN__DUPLICATE_METHOD_MATCH = YES;
				COPY_PHASE_STRIP = NO;
				DEBUG_INFORMATION_FORMAT = "dwarf-with-dsym";
				ENABLE_NS_ASSERTIONS = NO;
				ENABLE_STRICT_OBJC_MSGSEND = YES;
				GCC_C_LANGUAGE_STANDARD = gnu11;
				GCC_NO_COMMON_BLOCKS = YES;
				GCC_WARN_64_TO_32_BIT_CONVERSION = YES;
				GCC_WARN_ABOUT_RETURN_TYPE = YES_ERROR;
				GCC_WARN_UNDECLARED_SELECTOR = YES;
				GCC_WARN_UNINITIALIZED_AUTOS = YES_AGGRESSIVE;
				GCC_WARN_UNUSED_FUNCTION = YES;
				GCC_WARN_UNUSED_VARIABLE = YES;
				IPHONEOS_DEPLOYMENT_TARGET = 14.4;
				MTL_ENABLE_DEBUG_INFO = NO;
				MTL_FAST_MATH = YES;
				SDKROOT = iphoneos;
				SWIFT_COMPILATION_MODE = wholemodule;
				SWIFT_OPTIMIZATION_LEVEL = "-O";
				VALIDATE_PRODUCT = YES;
			};
			name = Release;
		};
		FD61B7E62799665200C63F7A /* Debug */ = {
			isa = XCBuildConfiguration;
			buildSettings = {
				ASSETCATALOG_COMPILER_APPICON_NAME = AppIcon;
				ASSETCATALOG_COMPILER_GLOBAL_ACCENT_COLOR_NAME = AccentColor;
				CODE_SIGN_STYLE = Automatic;
				DEVELOPMENT_TEAM = T4ZVUXFL37;
				INFOPLIST_FILE = "To-do Demo App/Info.plist";
				IPHONEOS_DEPLOYMENT_TARGET = 13.0;
				LD_RUNPATH_SEARCH_PATHS = (
					"$(inherited)",
					"@executable_path/Frameworks",
				);
				PRODUCT_BUNDLE_IDENTIFIER = "MM.To-do-Demo-App";
				PRODUCT_NAME = "$(TARGET_NAME)";
				SWIFT_VERSION = 5.0;
				TARGETED_DEVICE_FAMILY = "1,2";
			};
			name = Debug;
		};
		FD61B7E72799665200C63F7A /* Release */ = {
			isa = XCBuildConfiguration;
			buildSettings = {
				ASSETCATALOG_COMPILER_APPICON_NAME = AppIcon;
				ASSETCATALOG_COMPILER_GLOBAL_ACCENT_COLOR_NAME = AccentColor;
				CODE_SIGN_STYLE = Automatic;
				DEVELOPMENT_TEAM = T4ZVUXFL37;
				INFOPLIST_FILE = "To-do Demo App/Info.plist";
				IPHONEOS_DEPLOYMENT_TARGET = 13.0;
				LD_RUNPATH_SEARCH_PATHS = (
					"$(inherited)",
					"@executable_path/Frameworks",
				);
				PRODUCT_BUNDLE_IDENTIFIER = "MM.To-do-Demo-App";
				PRODUCT_NAME = "$(TARGET_NAME)";
				SWIFT_VERSION = 5.0;
				TARGETED_DEVICE_FAMILY = "1,2";
			};
			name = Release;
		};
/* End XCBuildConfiguration section */

/* Begin XCConfigurationList section */
		FD61B7C92799664F00C63F7A /* Build configuration list for PBXProject "To-do Demo App" */ = {
			isa = XCConfigurationList;
			buildConfigurations = (
				FD61B7E32799665200C63F7A /* Debug */,
				FD61B7E42799665200C63F7A /* Release */,
			);
			defaultConfigurationIsVisible = 0;
			defaultConfigurationName = Release;
		};
		FD61B7E52799665200C63F7A /* Build configuration list for PBXNativeTarget "To-do Demo App" */ = {
			isa = XCConfigurationList;
			buildConfigurations = (
				FD61B7E62799665200C63F7A /* Debug */,
				FD61B7E72799665200C63F7A /* Release */,
			);
			defaultConfigurationIsVisible = 0;
			defaultConfigurationName = Release;
		};
/* End XCConfigurationList section */

/* Begin XCVersionGroup section */
		FD61B7DA2799665000C63F7A /* To_do_Demo_App.xcdatamodeld */ = {
			isa = XCVersionGroup;
			children = (
				FD61B7DB2799665000C63F7A /* To_do_Demo_App.xcdatamodel */,
			);
			currentVersion = FD61B7DB2799665000C63F7A /* To_do_Demo_App.xcdatamodel */;
			path = To_do_Demo_App.xcdatamodeld;
			sourceTree = "<group>";
			versionGroupType = wrapper.xcdatamodel;
		};
/* End XCVersionGroup section */
	};
	rootObject = FD61B7C62799664F00C63F7A /* Project object */;
}
